
Microsoft Visual Studio Solution File, Format Version 12.00
# Visual Studio 14
VisualStudioVersion = 14.0.25420.1
MinimumVisualStudioVersion = 10.0.40219.1
Project("{FAE04EC0-301F-11D3-BF4B-00C04F79EFBC}") = "MVC_EF_DEMO", "MVC_EF_DEMO\MVC_EF_DEMO.csproj", "{3FC36EE2-CF7E-49C4-8AFF-E48BA25C44E8}"
EndProject
Global
	GlobalSection(SolutionConfigurationPlatforms) = preSolution
		Debug|Any CPU = Debug|Any CPU
		Release|Any CPU = Release|Any CPU
	EndGlobalSection
	GlobalSection(ProjectConfigurationPlatforms) = postSolution
		{3FC36EE2-CF7E-49C4-8AFF-E48BA25C44E8}.Debug|Any CPU.ActiveCfg = Debug|Any CPU
		{3FC36EE2-CF7E-49C4-8AFF-E48BA25C44E8}.Debug|Any CPU.Build.0 = Debug|Any CPU
		{3FC36EE2-CF7E-49C4-8AFF-E48BA25C44E8}.Release|Any CPU.ActiveCfg = Release|Any CPU
		{3FC36EE2-CF7E-49C4-8AFF-E48BA25C44E8}.Release|Any CPU.Build.0 = Release|Any CPU
	EndGlobalSection
	GlobalSection(SolutionProperties) = preSolution
		HideSolutionNode = FALSE
	EndGlobalSection
EndGlobal
