
Microsoft Visual Studio Solution File, Format Version 12.00
# Visual Studio 2013
VisualStudioVersion = 12.0.31101.0
MinimumVisualStudioVersion = 10.0.40219.1
Project("{FAE04EC0-301F-11D3-BF4B-00C04F79EFBC}") = "WcfFaultContractDemo", "WcfFaultContractDemo\WcfFaultContractDemo.csproj", "{6442CB0F-A2CA-4844-A334-C922B1DC15DD}"
EndProject
Project("{FAE04EC0-301F-11D3-BF4B-00C04F79EFBC}") = "ClientAplica", "ClientAplica\ClientAplica.csproj", "{5C0E40CB-A1E3-494E-B835-78CD6FD8A911}"
	ProjectSection(ProjectDependencies) = postProject
		{6442CB0F-A2CA-4844-A334-C922B1DC15DD} = {6442CB0F-A2CA-4844-A334-C922B1DC15DD}
	EndProjectSection
EndProject
Global
	GlobalSection(SolutionConfigurationPlatforms) = preSolution
		Debug|Any CPU = Debug|Any CPU
		Debug|Mixed Platforms = Debug|Mixed Platforms
		Debug|x86 = Debug|x86
		Release|Any CPU = Release|Any CPU
		Release|Mixed Platforms = Release|Mixed Platforms
		Release|x86 = Release|x86
	EndGlobalSection
	GlobalSection(ProjectConfigurationPlatforms) = postSolution
		{6442CB0F-A2CA-4844-A334-C922B1DC15DD}.Debug|Any CPU.ActiveCfg = Debug|Any CPU
		{6442CB0F-A2CA-4844-A334-C922B1DC15DD}.Debug|Any CPU.Build.0 = Debug|Any CPU
		{6442CB0F-A2CA-4844-A334-C922B1DC15DD}.Debug|Mixed Platforms.ActiveCfg = Debug|Any CPU
		{6442CB0F-A2CA-4844-A334-C922B1DC15DD}.Debug|Mixed Platforms.Build.0 = Debug|Any CPU
		{6442CB0F-A2CA-4844-A334-C922B1DC15DD}.Debug|x86.ActiveCfg = Debug|Any CPU
		{6442CB0F-A2CA-4844-A334-C922B1DC15DD}.Release|Any CPU.ActiveCfg = Release|Any CPU
		{6442CB0F-A2CA-4844-A334-C922B1DC15DD}.Release|Any CPU.Build.0 = Release|Any CPU
		{6442CB0F-A2CA-4844-A334-C922B1DC15DD}.Release|Mixed Platforms.ActiveCfg = Release|Any CPU
		{6442CB0F-A2CA-4844-A334-C922B1DC15DD}.Release|Mixed Platforms.Build.0 = Release|Any CPU
		{6442CB0F-A2CA-4844-A334-C922B1DC15DD}.Release|x86.ActiveCfg = Release|Any CPU
		{5C0E40CB-A1E3-494E-B835-78CD6FD8A911}.Debug|Any CPU.ActiveCfg = Debug|x86
		{5C0E40CB-A1E3-494E-B835-78CD6FD8A911}.Debug|Mixed Platforms.ActiveCfg = Debug|x86
		{5C0E40CB-A1E3-494E-B835-78CD6FD8A911}.Debug|Mixed Platforms.Build.0 = Debug|x86
		{5C0E40CB-A1E3-494E-B835-78CD6FD8A911}.Debug|x86.ActiveCfg = Debug|x86
		{5C0E40CB-A1E3-494E-B835-78CD6FD8A911}.Debug|x86.Build.0 = Debug|x86
		{5C0E40CB-A1E3-494E-B835-78CD6FD8A911}.Release|Any CPU.ActiveCfg = Release|x86
		{5C0E40CB-A1E3-494E-B835-78CD6FD8A911}.Release|Mixed Platforms.ActiveCfg = Release|x86
		{5C0E40CB-A1E3-494E-B835-78CD6FD8A911}.Release|Mixed Platforms.Build.0 = Release|x86
		{5C0E40CB-A1E3-494E-B835-78CD6FD8A911}.Release|x86.ActiveCfg = Release|x86
		{5C0E40CB-A1E3-494E-B835-78CD6FD8A911}.Release|x86.Build.0 = Release|x86
	EndGlobalSection
	GlobalSection(SolutionProperties) = preSolution
		HideSolutionNode = FALSE
	EndGlobalSection
EndGlobal
